
Microsoft Visual Studio Solution File, Format Version 12.00
# Visual Studio Version 17
VisualStudioVersion = 17.4.33403.182
MinimumVisualStudioVersion = 10.0.40219.1
Project("{FAE04EC0-301F-11D3-BF4B-00C04F79EFBC}") = "FilmesAPI", "FilmesAPI\FilmesAPI.csproj", "{CBE8AA2A-9839-4634-A768-0593CCC145FF}"
EndProject
Global
	GlobalSection(SolutionConfigurationPlatforms) = preSolution
		Debug|Any CPU = Debug|Any CPU
		Release|Any CPU = Release|Any CPU
	EndGlobalSection
	GlobalSection(ProjectConfigurationPlatforms) = postSolution
		{CBE8AA2A-9839-4634-A768-0593CCC145FF}.Debug|Any CPU.ActiveCfg = Debug|Any CPU
		{CBE8AA2A-9839-4634-A768-0593CCC145FF}.Debug|Any CPU.Build.0 = Debug|Any CPU
		{CBE8AA2A-9839-4634-A768-0593CCC145FF}.Release|Any CPU.ActiveCfg = Release|Any CPU
		{CBE8AA2A-9839-4634-A768-0593CCC145FF}.Release|Any CPU.Build.0 = Release|Any CPU
	EndGlobalSection
	GlobalSection(SolutionProperties) = preSolution
		HideSolutionNode = FALSE
	EndGlobalSection
	GlobalSection(ExtensibilityGlobals) = postSolution
		SolutionGuid = {AFCE8142-633E-4FD6-A927-868CCFCC9B98}
	EndGlobalSection
EndGlobal
